
Microsoft Visual Studio Solution File, Format Version 12.00
# Visual Studio 2013
VisualStudioVersion = 12.0.30110.0
MinimumVisualStudioVersion = 10.0.40219.1
Project("{FAE04EC0-301F-11D3-BF4B-00C04F79EFBC}") = "Evolve.Core", "server\src\Evolve.Core\Evolve.Core.csproj", "{1F3333C5-EE70-4B3D-A105-9F5F4B7AF1BA}"
EndProject
Project("{FAE04EC0-301F-11D3-BF4B-00C04F79EFBC}") = "Evolve.Domain", "server\src\Evolve.Domain\Evolve.Domain.csproj", "{217643F3-8226-45FF-8C02-D667DC6C277F}"
EndProject
Project("{FAE04EC0-301F-11D3-BF4B-00C04F79EFBC}") = "Evolve.Infrastructure", "server\src\Evolve.Infrastructure\Evolve.Infrastructure.csproj", "{340F5E8F-D0C8-42D5-A639-ECB07807796A}"
EndProject
Project("{2150E333-8FDC-42A3-9474-1A3956D46DE8}") = ".nuget", ".nuget", "{DE6B91B0-ADED-42AF-A129-5B4D76724B73}"
	ProjectSection(SolutionItems) = preProject
		.nuget\NuGet.Config = .nuget\NuGet.Config
		.nuget\NuGet.exe = .nuget\NuGet.exe
		.nuget\NuGet.targets = .nuget\NuGet.targets
	EndProjectSection
EndProject
Project("{2150E333-8FDC-42A3-9474-1A3956D46DE8}") = "server", "server", "{91015DED-EAF8-4974-917A-F7D5E272D897}"
EndProject
Project("{2150E333-8FDC-42A3-9474-1A3956D46DE8}") = "client", "client", "{8B1DF711-46F3-4CD0-B90D-B8196FA2D474}"
EndProject
Project("{2150E333-8FDC-42A3-9474-1A3956D46DE8}") = "test", "test", "{90A8DC4F-3B44-4E75-8A58-445925544E6A}"
EndProject
Project("{2150E333-8FDC-42A3-9474-1A3956D46DE8}") = "lib", "lib", "{75897A84-3A7B-4DE7-B7AE-DF0CAC4EC187}"
EndProject
Project("{FAE04EC0-301F-11D3-BF4B-00C04F79EFBC}") = "Evolve.Api", "server\src\Evolve.Api\Evolve.Api.csproj", "{45C9EA33-13D7-4427-A643-8E5321459ECE}"
EndProject
Global
	GlobalSection(SolutionConfigurationPlatforms) = preSolution
		Debug|Any CPU = Debug|Any CPU
		Release|Any CPU = Release|Any CPU
	EndGlobalSection
	GlobalSection(ProjectConfigurationPlatforms) = postSolution
		{1F3333C5-EE70-4B3D-A105-9F5F4B7AF1BA}.Debug|Any CPU.ActiveCfg = Debug|Any CPU
		{1F3333C5-EE70-4B3D-A105-9F5F4B7AF1BA}.Debug|Any CPU.Build.0 = Debug|Any CPU
		{1F3333C5-EE70-4B3D-A105-9F5F4B7AF1BA}.Release|Any CPU.ActiveCfg = Release|Any CPU
		{1F3333C5-EE70-4B3D-A105-9F5F4B7AF1BA}.Release|Any CPU.Build.0 = Release|Any CPU
		{217643F3-8226-45FF-8C02-D667DC6C277F}.Debug|Any CPU.ActiveCfg = Debug|Any CPU
		{217643F3-8226-45FF-8C02-D667DC6C277F}.Debug|Any CPU.Build.0 = Debug|Any CPU
		{217643F3-8226-45FF-8C02-D667DC6C277F}.Release|Any CPU.ActiveCfg = Release|Any CPU
		{217643F3-8226-45FF-8C02-D667DC6C277F}.Release|Any CPU.Build.0 = Release|Any CPU
		{340F5E8F-D0C8-42D5-A639-ECB07807796A}.Debug|Any CPU.ActiveCfg = Debug|Any CPU
		{340F5E8F-D0C8-42D5-A639-ECB07807796A}.Debug|Any CPU.Build.0 = Debug|Any CPU
		{340F5E8F-D0C8-42D5-A639-ECB07807796A}.Release|Any CPU.ActiveCfg = Release|Any CPU
		{340F5E8F-D0C8-42D5-A639-ECB07807796A}.Release|Any CPU.Build.0 = Release|Any CPU
		{45C9EA33-13D7-4427-A643-8E5321459ECE}.Debug|Any CPU.ActiveCfg = Debug|Any CPU
		{45C9EA33-13D7-4427-A643-8E5321459ECE}.Debug|Any CPU.Build.0 = Debug|Any CPU
		{45C9EA33-13D7-4427-A643-8E5321459ECE}.Release|Any CPU.ActiveCfg = Release|Any CPU
		{45C9EA33-13D7-4427-A643-8E5321459ECE}.Release|Any CPU.Build.0 = Release|Any CPU
	EndGlobalSection
	GlobalSection(SolutionProperties) = preSolution
		HideSolutionNode = FALSE
	EndGlobalSection
	GlobalSection(NestedProjects) = preSolution
		{45C9EA33-13D7-4427-A643-8E5321459ECE} = {91015DED-EAF8-4974-917A-F7D5E272D897}
		{340F5E8F-D0C8-42D5-A639-ECB07807796A} = {75897A84-3A7B-4DE7-B7AE-DF0CAC4EC187}
		{217643F3-8226-45FF-8C02-D667DC6C277F} = {75897A84-3A7B-4DE7-B7AE-DF0CAC4EC187}
		{1F3333C5-EE70-4B3D-A105-9F5F4B7AF1BA} = {75897A84-3A7B-4DE7-B7AE-DF0CAC4EC187}
	EndGlobalSection
EndGlobal
